
Microsoft Visual Studio Solution File, Format Version 12.00
# Visual Studio Version 17
VisualStudioVersion = 17.10.34825.169
MinimumVisualStudioVersion = 10.0.40219.1
Project("{9A19103F-16F7-4668-BE54-9A1E7A4F7556}") = "AvaloniaRender.Core", "src\AvaloniaRender.Base\AvaloniaRender.Core.csproj", "{1B9876FE-ABDD-4FA8-BA9C-627FE004AFD3}"
EndProject
Project("{9A19103F-16F7-4668-BE54-9A1E7A4F7556}") = "AvaloniaRender.OpenGL", "src\AvaloniaRender.OpenGL\AvaloniaRender.OpenGL.csproj", "{407850F3-E874-4E35-9683-61E05591A1CA}"
EndProject
Project("{9A19103F-16F7-4668-BE54-9A1E7A4F7556}") = "AvaloniaRender.Veldrid", "src\AvaloniaRender.Veldrid\AvaloniaRender.Veldrid.csproj", "{29839D42-3B0A-40C6-87F3-3EF6DFA10ED4}"
EndProject
Project("{2150E333-8FDC-42A3-9474-1A3956D46DE8}") = "src", "src", "{C097AB2A-67BA-4714-A26C-9C566C3902E0}"
EndProject
Project("{2150E333-8FDC-42A3-9474-1A3956D46DE8}") = "test", "test", "{7EE1D7C8-ECB9-4A21-93D4-F509F314AD78}"
EndProject
Project("{9A19103F-16F7-4668-BE54-9A1E7A4F7556}") = "AvaloniaRender.Sample", "test\AvaloniaRender.Sample\AvaloniaRender.Sample.csproj", "{2E8EE662-659B-400F-A0CF-87A6FCF177E7}"
EndProject
Global
	GlobalSection(SolutionConfigurationPlatforms) = preSolution
		Debug|Any CPU = Debug|Any CPU
		Release|Any CPU = Release|Any CPU
	EndGlobalSection
	GlobalSection(ProjectConfigurationPlatforms) = postSolution
		{1B9876FE-ABDD-4FA8-BA9C-627FE004AFD3}.Debug|Any CPU.ActiveCfg = Debug|Any CPU
		{1B9876FE-ABDD-4FA8-BA9C-627FE004AFD3}.Debug|Any CPU.Build.0 = Debug|Any CPU
		{1B9876FE-ABDD-4FA8-BA9C-627FE004AFD3}.Release|Any CPU.ActiveCfg = Release|Any CPU
		{1B9876FE-ABDD-4FA8-BA9C-627FE004AFD3}.Release|Any CPU.Build.0 = Release|Any CPU
		{407850F3-E874-4E35-9683-61E05591A1CA}.Debug|Any CPU.ActiveCfg = Debug|Any CPU
		{407850F3-E874-4E35-9683-61E05591A1CA}.Debug|Any CPU.Build.0 = Debug|Any CPU
		{407850F3-E874-4E35-9683-61E05591A1CA}.Release|Any CPU.ActiveCfg = Release|Any CPU
		{407850F3-E874-4E35-9683-61E05591A1CA}.Release|Any CPU.Build.0 = Release|Any CPU
		{29839D42-3B0A-40C6-87F3-3EF6DFA10ED4}.Debug|Any CPU.ActiveCfg = Debug|Any CPU
		{29839D42-3B0A-40C6-87F3-3EF6DFA10ED4}.Debug|Any CPU.Build.0 = Debug|Any CPU
		{29839D42-3B0A-40C6-87F3-3EF6DFA10ED4}.Release|Any CPU.ActiveCfg = Release|Any CPU
		{29839D42-3B0A-40C6-87F3-3EF6DFA10ED4}.Release|Any CPU.Build.0 = Release|Any CPU
		{2E8EE662-659B-400F-A0CF-87A6FCF177E7}.Debug|Any CPU.ActiveCfg = Debug|Any CPU
		{2E8EE662-659B-400F-A0CF-87A6FCF177E7}.Debug|Any CPU.Build.0 = Debug|Any CPU
		{2E8EE662-659B-400F-A0CF-87A6FCF177E7}.Release|Any CPU.ActiveCfg = Release|Any CPU
		{2E8EE662-659B-400F-A0CF-87A6FCF177E7}.Release|Any CPU.Build.0 = Release|Any CPU
	EndGlobalSection
	GlobalSection(SolutionProperties) = preSolution
		HideSolutionNode = FALSE
	EndGlobalSection
	GlobalSection(NestedProjects) = preSolution
		{1B9876FE-ABDD-4FA8-BA9C-627FE004AFD3} = {C097AB2A-67BA-4714-A26C-9C566C3902E0}
		{407850F3-E874-4E35-9683-61E05591A1CA} = {C097AB2A-67BA-4714-A26C-9C566C3902E0}
		{29839D42-3B0A-40C6-87F3-3EF6DFA10ED4} = {C097AB2A-67BA-4714-A26C-9C566C3902E0}
		{2E8EE662-659B-400F-A0CF-87A6FCF177E7} = {7EE1D7C8-ECB9-4A21-93D4-F509F314AD78}
	EndGlobalSection
	GlobalSection(ExtensibilityGlobals) = postSolution
		SolutionGuid = {C2442342-992A-479B-88A2-F971BA18E801}
	EndGlobalSection
EndGlobal
